
Microsoft Visual Studio Solution File, Format Version 12.00
# Visual Studio Version 17
VisualStudioVersion = 17.8.34322.80
MinimumVisualStudioVersion = 10.0.40219.1
Project("{FAE04EC0-301F-11D3-BF4B-00C04F79EFBC}") = "eBanking", "eBanking.csproj", "{BC4CCA3E-23EB-450C-A826-6E45DF076565}"
EndProject
Global
	GlobalSection(SolutionConfigurationPlatforms) = preSolution
		Debug|Any CPU = Debug|Any CPU
		Release|Any CPU = Release|Any CPU
	EndGlobalSection
	GlobalSection(ProjectConfigurationPlatforms) = postSolution
		{BC4CCA3E-23EB-450C-A826-6E45DF076565}.Debug|Any CPU.ActiveCfg = Debug|Any CPU
		{BC4CCA3E-23EB-450C-A826-6E45DF076565}.Debug|Any CPU.Build.0 = Debug|Any CPU
		{BC4CCA3E-23EB-450C-A826-6E45DF076565}.Release|Any CPU.ActiveCfg = Release|Any CPU
		{BC4CCA3E-23EB-450C-A826-6E45DF076565}.Release|Any CPU.Build.0 = Release|Any CPU
	EndGlobalSection
	GlobalSection(SolutionProperties) = preSolution
		HideSolutionNode = FALSE
	EndGlobalSection
	GlobalSection(ExtensibilityGlobals) = postSolution
		SolutionGuid = {A6A46D80-1868-409A-BA3F-BC3F15F4E648}
	EndGlobalSection
EndGlobal
